// !$*UTF8*$!
{
	archiveVersion = 1;
	classes = {
	};
	objectVersion = 56;
	objects = {

/* Begin PBXBuildFile section */
		B34B9A592BB8038500492035 /* EmployeeProject.swift in Sources */ = {isa = PBXBuildFile; fileRef = B34B9A582BB8038500492035 /* EmployeeProject.swift */; };
		B34B9A5B2BB803CA00492035 /* DataManager.swift in Sources */ = {isa = PBXBuildFile; fileRef = B34B9A5A2BB803CA00492035 /* DataManager.swift */; };
		B34B9A5D2BB805CE00492035 /* Project.swift in Sources */ = {isa = PBXBuildFile; fileRef = B34B9A5C2BB805CE00492035 /* Project.swift */; };
		B34B9A5F2BB8068A00492035 /* Employee.swift in Sources */ = {isa = PBXBuildFile; fileRef = B34B9A5E2BB8068A00492035 /* Employee.swift */; };
		B34B9A612BB8D90900492035 /* DateFormat.swift in Sources */ = {isa = PBXBuildFile; fileRef = B34B9A602BB8D90900492035 /* DateFormat.swift */; };
		B34B9A632BB987EA00492035 /* EmployeePair.swift in Sources */ = {isa = PBXBuildFile; fileRef = B34B9A622BB987EA00492035 /* EmployeePair.swift */; };
		B34B9A662BB9BB6E00492035 /* JGProgressHUD in Frameworks */ = {isa = PBXBuildFile; productRef = B34B9A652BB9BB6E00492035 /* JGProgressHUD */; };
		B34B9A682BB9BBE600492035 /* ViewController.swift in Sources */ = {isa = PBXBuildFile; fileRef = B34B9A672BB9BBE600492035 /* ViewController.swift */; };
		B359716D2BB6E0F300B6E7E2 /* AppDelegate.swift in Sources */ = {isa = PBXBuildFile; fileRef = B359716C2BB6E0F300B6E7E2 /* AppDelegate.swift */; };
		B359716F2BB6E0F300B6E7E2 /* SceneDelegate.swift in Sources */ = {isa = PBXBuildFile; fileRef = B359716E2BB6E0F300B6E7E2 /* SceneDelegate.swift */; };
		B35971742BB6E0F300B6E7E2 /* Base in Resources */ = {isa = PBXBuildFile; fileRef = B35971732BB6E0F300B6E7E2 /* Base */; };
		B35971762BB6E0FC00B6E7E2 /* Assets.xcassets in Resources */ = {isa = PBXBuildFile; fileRef = B35971752BB6E0FC00B6E7E2 /* Assets.xcassets */; };
		B35971792BB6E0FC00B6E7E2 /* Base in Resources */ = {isa = PBXBuildFile; fileRef = B35971782BB6E0FC00B6E7E2 /* Base */; };
		B35971862BB6E3BB00B6E7E2 /* Employees.storyboard in Resources */ = {isa = PBXBuildFile; fileRef = B35971852BB6E3BB00B6E7E2 /* Employees.storyboard */; };
		B35971882BB6E3E100B6E7E2 /* Projects.storyboard in Resources */ = {isa = PBXBuildFile; fileRef = B35971872BB6E3E100B6E7E2 /* Projects.storyboard */; };
		B359718A2BB6E5D700B6E7E2 /* Dashboard.storyboard in Resources */ = {isa = PBXBuildFile; fileRef = B35971892BB6E5D700B6E7E2 /* Dashboard.storyboard */; };
		B359718C2BB6E61D00B6E7E2 /* Storyboard.swift in Sources */ = {isa = PBXBuildFile; fileRef = B359718B2BB6E61D00B6E7E2 /* Storyboard.swift */; };
		B38371F92BB7328A00C91712 /* View.swift in Sources */ = {isa = PBXBuildFile; fileRef = B38371F82BB7328A00C91712 /* View.swift */; };
		B38372002BB734B400C91712 /* DashboardViewController.swift in Sources */ = {isa = PBXBuildFile; fileRef = B38371FF2BB734B400C91712 /* DashboardViewController.swift */; };
		B38372032BB7351100C91712 /* ProjectViewController.swift in Sources */ = {isa = PBXBuildFile; fileRef = B38372022BB7351100C91712 /* ProjectViewController.swift */; };
		B38372062BB7355800C91712 /* EmployeeViewController.swift in Sources */ = {isa = PBXBuildFile; fileRef = B38372052BB7355800C91712 /* EmployeeViewController.swift */; };
		B38372092BB735C100C91712 /* LoadCSVViewController.swift in Sources */ = {isa = PBXBuildFile; fileRef = B38372082BB735C100C91712 /* LoadCSVViewController.swift */; };
		B383720B2BB7374E00C91712 /* Colors.xcassets in Resources */ = {isa = PBXBuildFile; fileRef = B383720A2BB7374E00C91712 /* Colors.xcassets */; };
		B383720D2BB738F000C91712 /* LoadCSVTableViewCell.swift in Sources */ = {isa = PBXBuildFile; fileRef = B383720C2BB738F000C91712 /* LoadCSVTableViewCell.swift */; };
		B3DA4B742BB75E6600C67FB9 /* ProjectTableViewCell.swift in Sources */ = {isa = PBXBuildFile; fileRef = B3DA4B732BB75E6600C67FB9 /* ProjectTableViewCell.swift */; };
		B3DA4B762BB75F1B00C67FB9 /* EmployeeTableViewCell.swift in Sources */ = {isa = PBXBuildFile; fileRef = B3DA4B752BB75F1B00C67FB9 /* EmployeeTableViewCell.swift */; };
		B3F2D08C2BB758FC00866757 /* PairOfEmployeesTableViewCell.swift in Sources */ = {isa = PBXBuildFile; fileRef = B3F2D08B2BB758FB00866757 /* PairOfEmployeesTableViewCell.swift */; };
		B3F2D08E2BB75A5200866757 /* MissingDataTableViewCell.swift in Sources */ = {isa = PBXBuildFile; fileRef = B3F2D08D2BB75A5200866757 /* MissingDataTableViewCell.swift */; };
/* End PBXBuildFile section */

/* Begin PBXFileReference section */
		B34B9A572BB776C600492035 /* NikolayKovachevEmployees.entitlements */ = {isa = PBXFileReference; lastKnownFileType = text.plist.entitlements; path = NikolayKovachevEmployees.entitlements; sourceTree = "<group>"; };
		B34B9A582BB8038500492035 /* EmployeeProject.swift */ = {isa = PBXFileReference; lastKnownFileType = sourcecode.swift; path = EmployeeProject.swift; sourceTree = "<group>"; };
		B34B9A5A2BB803CA00492035 /* DataManager.swift */ = {isa = PBXFileReference; lastKnownFileType = sourcecode.swift; path = DataManager.swift; sourceTree = "<group>"; };
		B34B9A5C2BB805CE00492035 /* Project.swift */ = {isa = PBXFileReference; lastKnownFileType = sourcecode.swift; path = Project.swift; sourceTree = "<group>"; };
		B34B9A5E2BB8068A00492035 /* Employee.swift */ = {isa = PBXFileReference; lastKnownFileType = sourcecode.swift; path = Employee.swift; sourceTree = "<group>"; };
		B34B9A602BB8D90900492035 /* DateFormat.swift */ = {isa = PBXFileReference; lastKnownFileType = sourcecode.swift; path = DateFormat.swift; sourceTree = "<group>"; };
		B34B9A622BB987EA00492035 /* EmployeePair.swift */ = {isa = PBXFileReference; lastKnownFileType = sourcecode.swift; path = EmployeePair.swift; sourceTree = "<group>"; };
		B34B9A672BB9BBE600492035 /* ViewController.swift */ = {isa = PBXFileReference; lastKnownFileType = sourcecode.swift; path = ViewController.swift; sourceTree = "<group>"; };
		B35971692BB6E0F300B6E7E2 /* NikolayKovachevEmployees.app */ = {isa = PBXFileReference; explicitFileType = wrapper.application; includeInIndex = 0; path = NikolayKovachevEmployees.app; sourceTree = BUILT_PRODUCTS_DIR; };
		B359716C2BB6E0F300B6E7E2 /* AppDelegate.swift */ = {isa = PBXFileReference; lastKnownFileType = sourcecode.swift; path = AppDelegate.swift; sourceTree = "<group>"; };
		B359716E2BB6E0F300B6E7E2 /* SceneDelegate.swift */ = {isa = PBXFileReference; lastKnownFileType = sourcecode.swift; path = SceneDelegate.swift; sourceTree = "<group>"; };
		B35971732BB6E0F300B6E7E2 /* Base */ = {isa = PBXFileReference; lastKnownFileType = file.storyboard; name = Base; path = Base.lproj/Main.storyboard; sourceTree = "<group>"; };
		B35971752BB6E0FC00B6E7E2 /* Assets.xcassets */ = {isa = PBXFileReference; lastKnownFileType = folder.assetcatalog; path = Assets.xcassets; sourceTree = "<group>"; };
		B35971782BB6E0FC00B6E7E2 /* Base */ = {isa = PBXFileReference; lastKnownFileType = file.storyboard; name = Base; path = Base.lproj/LaunchScreen.storyboard; sourceTree = "<group>"; };
		B359717A2BB6E0FC00B6E7E2 /* Info.plist */ = {isa = PBXFileReference; lastKnownFileType = text.plist.xml; path = Info.plist; sourceTree = "<group>"; };
		B35971852BB6E3BB00B6E7E2 /* Employees.storyboard */ = {isa = PBXFileReference; lastKnownFileType = file.storyboard; path = Employees.storyboard; sourceTree = "<group>"; };
		B35971872BB6E3E100B6E7E2 /* Projects.storyboard */ = {isa = PBXFileReference; lastKnownFileType = file.storyboard; path = Projects.storyboard; sourceTree = "<group>"; };
		B35971892BB6E5D700B6E7E2 /* Dashboard.storyboard */ = {isa = PBXFileReference; lastKnownFileType = file.storyboard; path = Dashboard.storyboard; sourceTree = "<group>"; };
		B359718B2BB6E61D00B6E7E2 /* Storyboard.swift */ = {isa = PBXFileReference; lastKnownFileType = sourcecode.swift; path = Storyboard.swift; sourceTree = "<group>"; };
		B38371F82BB7328A00C91712 /* View.swift */ = {isa = PBXFileReference; lastKnownFileType = sourcecode.swift; path = View.swift; sourceTree = "<group>"; };
		B38371FF2BB734B400C91712 /* DashboardViewController.swift */ = {isa = PBXFileReference; lastKnownFileType = sourcecode.swift; path = DashboardViewController.swift; sourceTree = "<group>"; };
		B38372022BB7351100C91712 /* ProjectViewController.swift */ = {isa = PBXFileReference; lastKnownFileType = sourcecode.swift; path = ProjectViewController.swift; sourceTree = "<group>"; };
		B38372052BB7355800C91712 /* EmployeeViewController.swift */ = {isa = PBXFileReference; lastKnownFileType = sourcecode.swift; path = EmployeeViewController.swift; sourceTree = "<group>"; };
		B38372082BB735C100C91712 /* LoadCSVViewController.swift */ = {isa = PBXFileReference; lastKnownFileType = sourcecode.swift; path = LoadCSVViewController.swift; sourceTree = "<group>"; };
		B383720A2BB7374E00C91712 /* Colors.xcassets */ = {isa = PBXFileReference; lastKnownFileType = folder.assetcatalog; path = Colors.xcassets; sourceTree = "<group>"; };
		B383720C2BB738F000C91712 /* LoadCSVTableViewCell.swift */ = {isa = PBXFileReference; lastKnownFileType = sourcecode.swift; path = LoadCSVTableViewCell.swift; sourceTree = "<group>"; };
		B3DA4B732BB75E6600C67FB9 /* ProjectTableViewCell.swift */ = {isa = PBXFileReference; lastKnownFileType = sourcecode.swift; path = ProjectTableViewCell.swift; sourceTree = "<group>"; };
		B3DA4B752BB75F1B00C67FB9 /* EmployeeTableViewCell.swift */ = {isa = PBXFileReference; lastKnownFileType = sourcecode.swift; path = EmployeeTableViewCell.swift; sourceTree = "<group>"; };
		B3F2D08B2BB758FB00866757 /* PairOfEmployeesTableViewCell.swift */ = {isa = PBXFileReference; lastKnownFileType = sourcecode.swift; path = PairOfEmployeesTableViewCell.swift; sourceTree = "<group>"; };
		B3F2D08D2BB75A5200866757 /* MissingDataTableViewCell.swift */ = {isa = PBXFileReference; lastKnownFileType = sourcecode.swift; path = MissingDataTableViewCell.swift; sourceTree = "<group>"; };
/* End PBXFileReference section */

/* Begin PBXFrameworksBuildPhase section */
		B35971662BB6E0F300B6E7E2 /* Frameworks */ = {
			isa = PBXFrameworksBuildPhase;
			buildActionMask = 2147483647;
			files = (
				B34B9A662BB9BB6E00492035 /* JGProgressHUD in Frameworks */,
			);
			runOnlyForDeploymentPostprocessing = 0;
		};
/* End PBXFrameworksBuildPhase section */

/* Begin PBXGroup section */
		B35971602BB6E0F300B6E7E2 = {
			isa = PBXGroup;
			children = (
				B359716B2BB6E0F300B6E7E2 /* NikolayKovachevEmployees */,
				B359716A2BB6E0F300B6E7E2 /* Products */,
			);
			sourceTree = "<group>";
		};
		B359716A2BB6E0F300B6E7E2 /* Products */ = {
			isa = PBXGroup;
			children = (
				B35971692BB6E0F300B6E7E2 /* NikolayKovachevEmployees.app */,
			);
			name = Products;
			sourceTree = "<group>";
		};
		B359716B2BB6E0F300B6E7E2 /* NikolayKovachevEmployees */ = {
			isa = PBXGroup;
			children = (
				B34B9A572BB776C600492035 /* NikolayKovachevEmployees.entitlements */,
				B35971842BB6E29F00B6E7E2 /* Extentions */,
				B35971832BB6E28F00B6E7E2 /* Managers */,
				B35971822BB6E24300B6E7E2 /* ViewControllers */,
				B35971812BB6E21100B6E7E2 /* Storyboards */,
				B35971802BB6E20700B6E7E2 /* Models */,
				B359716C2BB6E0F300B6E7E2 /* AppDelegate.swift */,
				B359716E2BB6E0F300B6E7E2 /* SceneDelegate.swift */,
				B35971752BB6E0FC00B6E7E2 /* Assets.xcassets */,
				B383720A2BB7374E00C91712 /* Colors.xcassets */,
				B359717A2BB6E0FC00B6E7E2 /* Info.plist */,
			);
			path = NikolayKovachevEmployees;
			sourceTree = "<group>";
		};
		B35971802BB6E20700B6E7E2 /* Models */ = {
			isa = PBXGroup;
			children = (
				B34B9A582BB8038500492035 /* EmployeeProject.swift */,
				B34B9A5C2BB805CE00492035 /* Project.swift */,
				B34B9A5E2BB8068A00492035 /* Employee.swift */,
				B34B9A602BB8D90900492035 /* DateFormat.swift */,
				B34B9A622BB987EA00492035 /* EmployeePair.swift */,
			);
			path = Models;
			sourceTree = "<group>";
		};
		B35971812BB6E21100B6E7E2 /* Storyboards */ = {
			isa = PBXGroup;
			children = (
				B35971772BB6E0FC00B6E7E2 /* LaunchScreen.storyboard */,
				B35971722BB6E0F300B6E7E2 /* Main.storyboard */,
				B35971892BB6E5D700B6E7E2 /* Dashboard.storyboard */,
				B35971872BB6E3E100B6E7E2 /* Projects.storyboard */,
				B35971852BB6E3BB00B6E7E2 /* Employees.storyboard */,
			);
			path = Storyboards;
			sourceTree = "<group>";
		};
		B35971822BB6E24300B6E7E2 /* ViewControllers */ = {
			isa = PBXGroup;
			children = (
				B38371FD2BB7333400C91712 /* EmployeeControllers */,
				B38371FC2BB732FA00C91712 /* ProjectControllers */,
				B359718D2BB6E97700B6E7E2 /* DashboardControllers */,
			);
			path = ViewControllers;
			sourceTree = "<group>";
		};
		B35971832BB6E28F00B6E7E2 /* Managers */ = {
			isa = PBXGroup;
			children = (
				B34B9A5A2BB803CA00492035 /* DataManager.swift */,
			);
			path = Managers;
			sourceTree = "<group>";
		};
		B35971842BB6E29F00B6E7E2 /* Extentions */ = {
			isa = PBXGroup;
			children = (
				B359718B2BB6E61D00B6E7E2 /* Storyboard.swift */,
				B38371F82BB7328A00C91712 /* View.swift */,
				B34B9A672BB9BBE600492035 /* ViewController.swift */,
			);
			path = Extentions;
			sourceTree = "<group>";
		};
		B359718D2BB6E97700B6E7E2 /* DashboardControllers */ = {
			isa = PBXGroup;
			children = (
				B38372072BB7359300C91712 /* LoadCSVController */,
				B38371FE2BB7334000C91712 /* DashboardController */,
			);
			path = DashboardControllers;
			sourceTree = "<group>";
		};
		B38371FC2BB732FA00C91712 /* ProjectControllers */ = {
			isa = PBXGroup;
			children = (
				B38372012BB734EE00C91712 /* ProjectController */,
			);
			path = ProjectControllers;
			sourceTree = "<group>";
		};
		B38371FD2BB7333400C91712 /* EmployeeControllers */ = {
			isa = PBXGroup;
			children = (
				B38372042BB7354700C91712 /* EmployeeController */,
			);
			path = EmployeeControllers;
			sourceTree = "<group>";
		};
		B38371FE2BB7334000C91712 /* DashboardController */ = {
			isa = PBXGroup;
			children = (
				B38371FF2BB734B400C91712 /* DashboardViewController.swift */,
				B383720C2BB738F000C91712 /* LoadCSVTableViewCell.swift */,
				B3F2D08B2BB758FB00866757 /* PairOfEmployeesTableViewCell.swift */,
				B3F2D08D2BB75A5200866757 /* MissingDataTableViewCell.swift */,
			);
			path = DashboardController;
			sourceTree = "<group>";
		};
		B38372012BB734EE00C91712 /* ProjectController */ = {
			isa = PBXGroup;
			children = (
				B38372022BB7351100C91712 /* ProjectViewController.swift */,
				B3DA4B732BB75E6600C67FB9 /* ProjectTableViewCell.swift */,
			);
			path = ProjectController;
			sourceTree = "<group>";
		};
		B38372042BB7354700C91712 /* EmployeeController */ = {
			isa = PBXGroup;
			children = (
				B38372052BB7355800C91712 /* EmployeeViewController.swift */,
				B3DA4B752BB75F1B00C67FB9 /* EmployeeTableViewCell.swift */,
			);
			path = EmployeeController;
			sourceTree = "<group>";
		};
		B38372072BB7359300C91712 /* LoadCSVController */ = {
			isa = PBXGroup;
			children = (
				B38372082BB735C100C91712 /* LoadCSVViewController.swift */,
			);
			path = LoadCSVController;
			sourceTree = "<group>";
		};
/* End PBXGroup section */

/* Begin PBXNativeTarget section */
		B35971682BB6E0F300B6E7E2 /* NikolayKovachevEmployees */ = {
			isa = PBXNativeTarget;
			buildConfigurationList = B359717D2BB6E0FC00B6E7E2 /* Build configuration list for PBXNativeTarget "NikolayKovachevEmployees" */;
			buildPhases = (
				B35971652BB6E0F300B6E7E2 /* Sources */,
				B35971662BB6E0F300B6E7E2 /* Frameworks */,
				B35971672BB6E0F300B6E7E2 /* Resources */,
			);
			buildRules = (
			);
			dependencies = (
			);
			name = NikolayKovachevEmployees;
			packageProductDependencies = (
				B34B9A652BB9BB6E00492035 /* JGProgressHUD */,
			);
			productName = NikolayKovachevEmployees;
			productReference = B35971692BB6E0F300B6E7E2 /* NikolayKovachevEmployees.app */;
			productType = "com.apple.product-type.application";
		};
/* End PBXNativeTarget section */

/* Begin PBXProject section */
		B35971612BB6E0F300B6E7E2 /* Project object */ = {
			isa = PBXProject;
			attributes = {
				BuildIndependentTargetsInParallel = 1;
				LastSwiftUpdateCheck = 1530;
				LastUpgradeCheck = 1530;
				TargetAttributes = {
					B35971682BB6E0F300B6E7E2 = {
						CreatedOnToolsVersion = 15.3;
					};
				};
			};
			buildConfigurationList = B35971642BB6E0F300B6E7E2 /* Build configuration list for PBXProject "NikolayKovachevEmployees" */;
			compatibilityVersion = "Xcode 14.0";
			developmentRegion = en;
			hasScannedForEncodings = 0;
			knownRegions = (
				en,
				Base,
			);
			mainGroup = B35971602BB6E0F300B6E7E2;
			packageReferences = (
				B34B9A642BB9BB6E00492035 /* XCRemoteSwiftPackageReference "JGProgressHUD" */,
			);
			productRefGroup = B359716A2BB6E0F300B6E7E2 /* Products */;
			projectDirPath = "";
			projectRoot = "";
			targets = (
				B35971682BB6E0F300B6E7E2 /* NikolayKovachevEmployees */,
			);
		};
/* End PBXProject section */

/* Begin PBXResourcesBuildPhase section */
		B35971672BB6E0F300B6E7E2 /* Resources */ = {
			isa = PBXResourcesBuildPhase;
			buildActionMask = 2147483647;
			files = (
				B35971762BB6E0FC00B6E7E2 /* Assets.xcassets in Resources */,
				B359718A2BB6E5D700B6E7E2 /* Dashboard.storyboard in Resources */,
				B35971792BB6E0FC00B6E7E2 /* Base in Resources */,
				B35971882BB6E3E100B6E7E2 /* Projects.storyboard in Resources */,
				B35971862BB6E3BB00B6E7E2 /* Employees.storyboard in Resources */,
				B35971742BB6E0F300B6E7E2 /* Base in Resources */,
				B383720B2BB7374E00C91712 /* Colors.xcassets in Resources */,
			);
			runOnlyForDeploymentPostprocessing = 0;
		};
/* End PBXResourcesBuildPhase section */

/* Begin PBXSourcesBuildPhase section */
		B35971652BB6E0F300B6E7E2 /* Sources */ = {
			isa = PBXSourcesBuildPhase;
			buildActionMask = 2147483647;
			files = (
				B38371F92BB7328A00C91712 /* View.swift in Sources */,
				B34B9A5B2BB803CA00492035 /* DataManager.swift in Sources */,
				B34B9A592BB8038500492035 /* EmployeeProject.swift in Sources */,
				B383720D2BB738F000C91712 /* LoadCSVTableViewCell.swift in Sources */,
				B3F2D08E2BB75A5200866757 /* MissingDataTableViewCell.swift in Sources */,
				B3F2D08C2BB758FC00866757 /* PairOfEmployeesTableViewCell.swift in Sources */,
				B34B9A632BB987EA00492035 /* EmployeePair.swift in Sources */,
				B38372092BB735C100C91712 /* LoadCSVViewController.swift in Sources */,
				B359716D2BB6E0F300B6E7E2 /* AppDelegate.swift in Sources */,
				B34B9A612BB8D90900492035 /* DateFormat.swift in Sources */,
				B34B9A682BB9BBE600492035 /* ViewController.swift in Sources */,
				B38372032BB7351100C91712 /* ProjectViewController.swift in Sources */,
				B3DA4B742BB75E6600C67FB9 /* ProjectTableViewCell.swift in Sources */,
				B38372002BB734B400C91712 /* DashboardViewController.swift in Sources */,
				B34B9A5F2BB8068A00492035 /* Employee.swift in Sources */,
				B359718C2BB6E61D00B6E7E2 /* Storyboard.swift in Sources */,
				B38372062BB7355800C91712 /* EmployeeViewController.swift in Sources */,
				B3DA4B762BB75F1B00C67FB9 /* EmployeeTableViewCell.swift in Sources */,
				B359716F2BB6E0F300B6E7E2 /* SceneDelegate.swift in Sources */,
				B34B9A5D2BB805CE00492035 /* Project.swift in Sources */,
			);
			runOnlyForDeploymentPostprocessing = 0;
		};
/* End PBXSourcesBuildPhase section */

/* Begin PBXVariantGroup section */
		B35971722BB6E0F300B6E7E2 /* Main.storyboard */ = {
			isa = PBXVariantGroup;
			children = (
				B35971732BB6E0F300B6E7E2 /* Base */,
			);
			name = Main.storyboard;
			sourceTree = "<group>";
		};
		B35971772BB6E0FC00B6E7E2 /* LaunchScreen.storyboard */ = {
			isa = PBXVariantGroup;
			children = (
				B35971782BB6E0FC00B6E7E2 /* Base */,
			);
			name = LaunchScreen.storyboard;
			sourceTree = "<group>";
		};
/* End PBXVariantGroup section */

/* Begin XCBuildConfiguration section */
		B359717B2BB6E0FC00B6E7E2 /* Debug */ = {
			isa = XCBuildConfiguration;
			buildSettings = {
				ALWAYS_SEARCH_USER_PATHS = NO;
				ASSETCATALOG_COMPILER_GENERATE_SWIFT_ASSET_SYMBOL_EXTENSIONS = YES;
				CLANG_ANALYZER_NONNULL = YES;
				CLANG_ANALYZER_NUMBER_OBJECT_CONVERSION = YES_AGGRESSIVE;
				CLANG_CXX_LANGUAGE_STANDARD = "gnu++20";
				CLANG_ENABLE_MODULES = YES;
				CLANG_ENABLE_OBJC_ARC = YES;
				CLANG_ENABLE_OBJC_WEAK = YES;
				CLANG_WARN_BLOCK_CAPTURE_AUTORELEASING = YES;
				CLANG_WARN_BOOL_CONVERSION = YES;
				CLANG_WARN_COMMA = YES;
				CLANG_WARN_CONSTANT_CONVERSION = YES;
				CLANG_WARN_DEPRECATED_OBJC_IMPLEMENTATIONS = YES;
				CLANG_WARN_DIRECT_OBJC_ISA_USAGE = YES_ERROR;
				CLANG_WARN_DOCUMENTATION_COMMENTS = YES;
				CLANG_WARN_EMPTY_BODY = YES;
				CLANG_WARN_ENUM_CONVERSION = YES;
				CLANG_WARN_INFINITE_RECURSION = YES;
				CLANG_WARN_INT_CONVERSION = YES;
				CLANG_WARN_NON_LITERAL_NULL_CONVERSION = YES;
				CLANG_WARN_OBJC_IMPLICIT_RETAIN_SELF = YES;
				CLANG_WARN_OBJC_LITERAL_CONVERSION = YES;
				CLANG_WARN_OBJC_ROOT_CLASS = YES_ERROR;
				CLANG_WARN_QUOTED_INCLUDE_IN_FRAMEWORK_HEADER = YES;
				CLANG_WARN_RANGE_LOOP_ANALYSIS = YES;
				CLANG_WARN_STRICT_PROTOTYPES = YES;
				CLANG_WARN_SUSPICIOUS_MOVE = YES;
				CLANG_WARN_UNGUARDED_AVAILABILITY = YES_AGGRESSIVE;
				CLANG_WARN_UNREACHABLE_CODE = YES;
				CLANG_WARN__DUPLICATE_METHOD_MATCH = YES;
				COPY_PHASE_STRIP = NO;
				DEBUG_INFORMATION_FORMAT = dwarf;
				ENABLE_STRICT_OBJC_MSGSEND = YES;
				ENABLE_TESTABILITY = YES;
				ENABLE_USER_SCRIPT_SANDBOXING = YES;
				GCC_C_LANGUAGE_STANDARD = gnu17;
				GCC_DYNAMIC_NO_PIC = NO;
				GCC_NO_COMMON_BLOCKS = YES;
				GCC_OPTIMIZATION_LEVEL = 0;
				GCC_PREPROCESSOR_DEFINITIONS = (
					"DEBUG=1",
					"$(inherited)",
				);
				GCC_WARN_64_TO_32_BIT_CONVERSION = YES;
				GCC_WARN_ABOUT_RETURN_TYPE = YES_ERROR;
				GCC_WARN_UNDECLARED_SELECTOR = YES;
				GCC_WARN_UNINITIALIZED_AUTOS = YES_AGGRESSIVE;
				GCC_WARN_UNUSED_FUNCTION = YES;
				GCC_WARN_UNUSED_VARIABLE = YES;
				IPHONEOS_DEPLOYMENT_TARGET = 17.4;
				LOCALIZATION_PREFERS_STRING_CATALOGS = YES;
				MTL_ENABLE_DEBUG_INFO = INCLUDE_SOURCE;
				MTL_FAST_MATH = YES;
				ONLY_ACTIVE_ARCH = YES;
				SDKROOT = iphoneos;
				SWIFT_ACTIVE_COMPILATION_CONDITIONS = "DEBUG $(inherited)";
				SWIFT_OPTIMIZATION_LEVEL = "-Onone";
			};
			name = Debug;
		};
		B359717C2BB6E0FC00B6E7E2 /* Release */ = {
			isa = XCBuildConfiguration;
			buildSettings = {
				ALWAYS_SEARCH_USER_PATHS = NO;
				ASSETCATALOG_COMPILER_GENERATE_SWIFT_ASSET_SYMBOL_EXTENSIONS = YES;
				CLANG_ANALYZER_NONNULL = YES;
				CLANG_ANALYZER_NUMBER_OBJECT_CONVERSION = YES_AGGRESSIVE;
				CLANG_CXX_LANGUAGE_STANDARD = "gnu++20";
				CLANG_ENABLE_MODULES = YES;
				CLANG_ENABLE_OBJC_ARC = YES;
				CLANG_ENABLE_OBJC_WEAK = YES;
				CLANG_WARN_BLOCK_CAPTURE_AUTORELEASING = YES;
				CLANG_WARN_BOOL_CONVERSION = YES;
				CLANG_WARN_COMMA = YES;
				CLANG_WARN_CONSTANT_CONVERSION = YES;
				CLANG_WARN_DEPRECATED_OBJC_IMPLEMENTATIONS = YES;
				CLANG_WARN_DIRECT_OBJC_ISA_USAGE = YES_ERROR;
				CLANG_WARN_DOCUMENTATION_COMMENTS = YES;
				CLANG_WARN_EMPTY_BODY = YES;
				CLANG_WARN_ENUM_CONVERSION = YES;
				CLANG_WARN_INFINITE_RECURSION = YES;
				CLANG_WARN_INT_CONVERSION = YES;
				CLANG_WARN_NON_LITERAL_NULL_CONVERSION = YES;
				CLANG_WARN_OBJC_IMPLICIT_RETAIN_SELF = YES;
				CLANG_WARN_OBJC_LITERAL_CONVERSION = YES;
				CLANG_WARN_OBJC_ROOT_CLASS = YES_ERROR;
				CLANG_WARN_QUOTED_INCLUDE_IN_FRAMEWORK_HEADER = YES;
				CLANG_WARN_RANGE_LOOP_ANALYSIS = YES;
				CLANG_WARN_STRICT_PROTOTYPES = YES;
				CLANG_WARN_SUSPICIOUS_MOVE = YES;
				CLANG_WARN_UNGUARDED_AVAILABILITY = YES_AGGRESSIVE;
				CLANG_WARN_UNREACHABLE_CODE = YES;
				CLANG_WARN__DUPLICATE_METHOD_MATCH = YES;
				COPY_PHASE_STRIP = NO;
				DEBUG_INFORMATION_FORMAT = "dwarf-with-dsym";
				ENABLE_NS_ASSERTIONS = NO;
				ENABLE_STRICT_OBJC_MSGSEND = YES;
				ENABLE_USER_SCRIPT_SANDBOXING = YES;
				GCC_C_LANGUAGE_STANDARD = gnu17;
				GCC_NO_COMMON_BLOCKS = YES;
				GCC_WARN_64_TO_32_BIT_CONVERSION = YES;
				GCC_WARN_ABOUT_RETURN_TYPE = YES_ERROR;
				GCC_WARN_UNDECLARED_SELECTOR = YES;
				GCC_WARN_UNINITIALIZED_AUTOS = YES_AGGRESSIVE;
				GCC_WARN_UNUSED_FUNCTION = YES;
				GCC_WARN_UNUSED_VARIABLE = YES;
				IPHONEOS_DEPLOYMENT_TARGET = 17.4;
				LOCALIZATION_PREFERS_STRING_CATALOGS = YES;
				MTL_ENABLE_DEBUG_INFO = NO;
				MTL_FAST_MATH = YES;
				SDKROOT = iphoneos;
				SWIFT_COMPILATION_MODE = wholemodule;
				VALIDATE_PRODUCT = YES;
			};
			name = Release;
		};
		B359717E2BB6E0FC00B6E7E2 /* Debug */ = {
			isa = XCBuildConfiguration;
			buildSettings = {
				ASSETCATALOG_COMPILER_APPICON_NAME = AppIcon;
				ASSETCATALOG_COMPILER_GLOBAL_ACCENT_COLOR_NAME = AccentColor;
				CODE_SIGN_ENTITLEMENTS = NikolayKovachevEmployees/NikolayKovachevEmployees.entitlements;
				CODE_SIGN_STYLE = Automatic;
				CURRENT_PROJECT_VERSION = 1;
				DEVELOPMENT_TEAM = D6K4ZDXQL7;
				GENERATE_INFOPLIST_FILE = YES;
				INFOPLIST_FILE = NikolayKovachevEmployees/Info.plist;
				INFOPLIST_KEY_UIApplicationSupportsIndirectInputEvents = YES;
				INFOPLIST_KEY_UILaunchStoryboardName = LaunchScreen;
				INFOPLIST_KEY_UIMainStoryboardFile = Main;
				INFOPLIST_KEY_UISupportedInterfaceOrientations_iPad = "UIInterfaceOrientationPortrait UIInterfaceOrientationPortraitUpsideDown UIInterfaceOrientationLandscapeLeft UIInterfaceOrientationLandscapeRight";
				INFOPLIST_KEY_UISupportedInterfaceOrientations_iPhone = "UIInterfaceOrientationPortrait UIInterfaceOrientationLandscapeLeft UIInterfaceOrientationLandscapeRight";
				IPHONEOS_DEPLOYMENT_TARGET = 15.0;
				LD_RUNPATH_SEARCH_PATHS = (
					"$(inherited)",
					"@executable_path/Frameworks",
				);
				MARKETING_VERSION = 1.0;
				PRODUCT_BUNDLE_IDENTIFIER = com.kng.NikolayKovachevEmployees;
				PRODUCT_NAME = "$(TARGET_NAME)";
				SWIFT_EMIT_LOC_STRINGS = YES;
				SWIFT_VERSION = 5.0;
				TARGETED_DEVICE_FAMILY = "1,2";
			};
			name = Debug;
		};
		B359717F2BB6E0FC00B6E7E2 /* Release */ = {
			isa = XCBuildConfiguration;
			buildSettings = {
				ASSETCATALOG_COMPILER_APPICON_NAME = AppIcon;
				ASSETCATALOG_COMPILER_GLOBAL_ACCENT_COLOR_NAME = AccentColor;
				CODE_SIGN_ENTITLEMENTS = NikolayKovachevEmployees/NikolayKovachevEmployees.entitlements;
				CODE_SIGN_STYLE = Automatic;
				CURRENT_PROJECT_VERSION = 1;
				DEVELOPMENT_TEAM = D6K4ZDXQL7;
				GENERATE_INFOPLIST_FILE = YES;
				INFOPLIST_FILE = NikolayKovachevEmployees/Info.plist;
				INFOPLIST_KEY_UIApplicationSupportsIndirectInputEvents = YES;
				INFOPLIST_KEY_UILaunchStoryboardName = LaunchScreen;
				INFOPLIST_KEY_UIMainStoryboardFile = Main;
				INFOPLIST_KEY_UISupportedInterfaceOrientations_iPad = "UIInterfaceOrientationPortrait UIInterfaceOrientationPortraitUpsideDown UIInterfaceOrientationLandscapeLeft UIInterfaceOrientationLandscapeRight";
				INFOPLIST_KEY_UISupportedInterfaceOrientations_iPhone = "UIInterfaceOrientationPortrait UIInterfaceOrientationLandscapeLeft UIInterfaceOrientationLandscapeRight";
				IPHONEOS_DEPLOYMENT_TARGET = 15.0;
				LD_RUNPATH_SEARCH_PATHS = (
					"$(inherited)",
					"@executable_path/Frameworks",
				);
				MARKETING_VERSION = 1.0;
				PRODUCT_BUNDLE_IDENTIFIER = com.kng.NikolayKovachevEmployees;
				PRODUCT_NAME = "$(TARGET_NAME)";
				SWIFT_EMIT_LOC_STRINGS = YES;
				SWIFT_VERSION = 5.0;
				TARGETED_DEVICE_FAMILY = "1,2";
			};
			name = Release;
		};
/* End XCBuildConfiguration section */

/* Begin XCConfigurationList section */
		B35971642BB6E0F300B6E7E2 /* Build configuration list for PBXProject "NikolayKovachevEmployees" */ = {
			isa = XCConfigurationList;
			buildConfigurations = (
				B359717B2BB6E0FC00B6E7E2 /* Debug */,
				B359717C2BB6E0FC00B6E7E2 /* Release */,
			);
			defaultConfigurationIsVisible = 0;
			defaultConfigurationName = Release;
		};
		B359717D2BB6E0FC00B6E7E2 /* Build configuration list for PBXNativeTarget "NikolayKovachevEmployees" */ = {
			isa = XCConfigurationList;
			buildConfigurations = (
				B359717E2BB6E0FC00B6E7E2 /* Debug */,
				B359717F2BB6E0FC00B6E7E2 /* Release */,
			);
			defaultConfigurationIsVisible = 0;
			defaultConfigurationName = Release;
		};
/* End XCConfigurationList section */

/* Begin XCRemoteSwiftPackageReference section */
		B34B9A642BB9BB6E00492035 /* XCRemoteSwiftPackageReference "JGProgressHUD" */ = {
			isa = XCRemoteSwiftPackageReference;
			repositoryURL = "https://github.com/JonasGessner/JGProgressHUD.git";
			requirement = {
				kind = upToNextMajorVersion;
				minimumVersion = 2.2.0;
			};
		};
/* End XCRemoteSwiftPackageReference section */

/* Begin XCSwiftPackageProductDependency section */
		B34B9A652BB9BB6E00492035 /* JGProgressHUD */ = {
			isa = XCSwiftPackageProductDependency;
			package = B34B9A642BB9BB6E00492035 /* XCRemoteSwiftPackageReference "JGProgressHUD" */;
			productName = JGProgressHUD;
		};
/* End XCSwiftPackageProductDependency section */
	};
	rootObject = B35971612BB6E0F300B6E7E2 /* Project object */;
}
